{
  "lockfile_version": "1",
  "packages": {
    "git@2.49.0": {
      "last_modified": "2025-05-29T08:12:58Z",
      "resolved": "github:NixOS/nixpkgs/3866ad91cfc172f08a6839def503d8fc2923c603#git",
      "source": "devbox-search",
      "version": "2.49.0",
      "systems": {
        "aarch64-darwin": {
          "outputs": [
            {
              "name": "out",
              "path": "/nix/store/9pa6rygnkrdp03j4ba0w6yb5qid5x3qb-git-2.49.0",
              "default": true
            },
            {
              "name": "doc",
              "path": "/nix/store/4a1f3ymqasdx2sfwn615n6x6z15qk5nd-git-2.49.0-doc"
            }
          ],
          "store_path": "/nix/store/9pa6rygnkrdp03j4ba0w6yb5qid5x3qb-git-2.49.0"
        },
        "aarch64-linux": {
          "outputs": [
            {
              "name": "out",
              "path": "/nix/store/bqk89pw1wmjzrqi20vqz194ylfhl5cnm-git-2.49.0",
              "default": true
            },
            {
              "name": "doc",
              "path": "/nix/store/ll9hlbwp3vvihpx2p2g7mykrl2a4snk4-git-2.49.0-doc"
            },
            {
              "name": "debug",
              "path": "/nix/store/ypv73aihzciz9x12imf5dvz4qkn4wakd-git-2.49.0-debug"
            }
          ],
          "store_path": "/nix/store/bqk89pw1wmjzrqi20vqz194ylfhl5cnm-git-2.49.0"
        },
        "x86_64-darwin": {
          "outputs": [
            {
              "name": "out",
              "path": "/nix/store/38kaic6dax0nkj4xwnyysmlwzdlrfdfr-git-2.49.0",
              "default": true
            },
            {
              "name": "doc",
              "path": "/nix/store/0544ir9xg154jsb00i0881ggpafyw4nc-git-2.49.0-doc"
            }
          ],
          "store_path": "/nix/store/38kaic6dax0nkj4xwnyysmlwzdlrfdfr-git-2.49.0"
        },
        "x86_64-linux": {
          "outputs": [
            {
              "name": "out",
              "path": "/nix/store/805a5wv1cyah5awij184yfad1ksmbh9f-git-2.49.0",
              "default": true
            },
            {
              "name": "doc",
              "path": "/nix/store/7dfxlvdhr5g57b1v8gxwpa2gs7i9g3y5-git-2.49.0-doc"
            },
            {
              "name": "debug",
              "path": "/nix/store/6nibw5w4xay921qx7lp74bs10qsqp0g9-git-2.49.0-debug"
            }
          ],
          "store_path": "/nix/store/805a5wv1cyah5awij184yfad1ksmbh9f-git-2.49.0"
        }
      }
    },
    "github:NixOS/nixpkgs/nixpkgs-unstable": {
      "resolved": "github:NixOS/nixpkgs/250b695f41e0e2f5afbf15c6b12480de1fe0001b?lastModified=1743814133&narHash=sha256-drDyYyUmjeYGiHmwB9eOPTQRjmrq3Yz26knwmMPLZFk%3D"
    },
    "yq-go@latest": {
      "last_modified": "2025-03-11T17:52:14Z",
      "resolved": "github:NixOS/nixpkgs/0d534853a55b5d02a4ababa1d71921ce8f0aee4c#yq-go",
      "source": "devbox-search",
      "version": "4.45.1",
      "systems": {
        "aarch64-darwin": {
          "outputs": [
            {
              "name": "out",
              "path": "/nix/store/m92kn50px5czhrjmcd9vq674bpkg3ykj-yq-go-4.45.1",
              "default": true
            }
          ],
          "store_path": "/nix/store/m92kn50px5czhrjmcd9vq674bpkg3ykj-yq-go-4.45.1"
        },
        "aarch64-linux": {
          "outputs": [
            {
              "name": "out",
              "path": "/nix/store/j3n9gm4f277ys5annkc9r8ds2mn1760d-yq-go-4.45.1",
              "default": true
            }
          ],
          "store_path": "/nix/store/j3n9gm4f277ys5annkc9r8ds2mn1760d-yq-go-4.45.1"
        },
        "x86_64-darwin": {
          "outputs": [
            {
              "name": "out",
              "path": "/nix/store/naa1j0ps9v9d51xf63j3r1y4rmslzyzx-yq-go-4.45.1",
              "default": true
            }
          ],
          "store_path": "/nix/store/naa1j0ps9v9d51xf63j3r1y4rmslzyzx-yq-go-4.45.1"
        },
        "x86_64-linux": {
          "outputs": [
            {
              "name": "out",
              "path": "/nix/store/r8lab8vdy98adpil6xvz716168dqx7kn-yq-go-4.45.1",
              "default": true
            }
          ],
          "store_path": "/nix/store/r8lab8vdy98adpil6xvz716168dqx7kn-yq-go-4.45.1"
        }
      }
    }
  }
}
